
Microsoft Visual Studio Solution File, Format Version 11.00
# Visual Studio 2010
Project("{FAE04EC0-301F-11D3-BF4B-00C04F79EFBC}") = "Proyecto_Scrum", "Proyecto_Scrum\Proyecto_Scrum.csproj", "{2A0EE361-E05C-481C-A9BF-F654EE74A105}"
EndProject
Global
	GlobalSection(SolutionConfigurationPlatforms) = preSolution
		Debug|x86 = Debug|x86
		Release|x86 = Release|x86
	EndGlobalSection
	GlobalSection(ProjectConfigurationPlatforms) = postSolution
		{2A0EE361-E05C-481C-A9BF-F654EE74A105}.Debug|x86.ActiveCfg = Debug|x86
		{2A0EE361-E05C-481C-A9BF-F654EE74A105}.Debug|x86.Build.0 = Debug|x86
		{2A0EE361-E05C-481C-A9BF-F654EE74A105}.Release|x86.ActiveCfg = Release|x86
		{2A0EE361-E05C-481C-A9BF-F654EE74A105}.Release|x86.Build.0 = Release|x86
	EndGlobalSection
	GlobalSection(SolutionProperties) = preSolution
		HideSolutionNode = FALSE
	EndGlobalSection
EndGlobal
